
Microsoft Visual Studio Solution File, Format Version 12.00
# Visual Studio 14
VisualStudioVersion = 14.0.25420.1
MinimumVisualStudioVersion = 10.0.40219.1
Project("{FAE04EC0-301F-11D3-BF4B-00C04F79EFBC}") = "workflow", "workflow\workflow.csproj", "{4BF78CBF-34A6-4CA2-820A-95845F10A83E}"
EndProject
Project("{FAE04EC0-301F-11D3-BF4B-00C04F79EFBC}") = "WorkFlowWinForms", "WorkFlowWinForms\WorkFlowWinForms.csproj", "{C2CA3FC8-E058-445D-8CC3-2982B466D97F}"
EndProject
Project("{FAE04EC0-301F-11D3-BF4B-00C04F79EFBC}") = "NHibernate", "NHibernate\NHibernate.csproj", "{2789078D-FF7C-40FF-BD62-508B28D5096B}"
EndProject
Global
	GlobalSection(SolutionConfigurationPlatforms) = preSolution
		Debug|Any CPU = Debug|Any CPU
		Debug|x86 = Debug|x86
		Release|Any CPU = Release|Any CPU
		Release|x86 = Release|x86
	EndGlobalSection
	GlobalSection(ProjectConfigurationPlatforms) = postSolution
		{4BF78CBF-34A6-4CA2-820A-95845F10A83E}.Debug|Any CPU.ActiveCfg = Debug|x86
		{4BF78CBF-34A6-4CA2-820A-95845F10A83E}.Debug|x86.ActiveCfg = Debug|x86
		{4BF78CBF-34A6-4CA2-820A-95845F10A83E}.Debug|x86.Build.0 = Debug|x86
		{4BF78CBF-34A6-4CA2-820A-95845F10A83E}.Release|Any CPU.ActiveCfg = Release|x86
		{4BF78CBF-34A6-4CA2-820A-95845F10A83E}.Release|x86.ActiveCfg = Release|x86
		{4BF78CBF-34A6-4CA2-820A-95845F10A83E}.Release|x86.Build.0 = Release|x86
		{C2CA3FC8-E058-445D-8CC3-2982B466D97F}.Debug|Any CPU.ActiveCfg = Debug|Any CPU
		{C2CA3FC8-E058-445D-8CC3-2982B466D97F}.Debug|Any CPU.Build.0 = Debug|Any CPU
		{C2CA3FC8-E058-445D-8CC3-2982B466D97F}.Debug|x86.ActiveCfg = Debug|Any CPU
		{C2CA3FC8-E058-445D-8CC3-2982B466D97F}.Debug|x86.Build.0 = Debug|Any CPU
		{C2CA3FC8-E058-445D-8CC3-2982B466D97F}.Release|Any CPU.ActiveCfg = Release|Any CPU
		{C2CA3FC8-E058-445D-8CC3-2982B466D97F}.Release|Any CPU.Build.0 = Release|Any CPU
		{C2CA3FC8-E058-445D-8CC3-2982B466D97F}.Release|x86.ActiveCfg = Release|Any CPU
		{C2CA3FC8-E058-445D-8CC3-2982B466D97F}.Release|x86.Build.0 = Release|Any CPU
		{2789078D-FF7C-40FF-BD62-508B28D5096B}.Debug|Any CPU.ActiveCfg = Debug|Any CPU
		{2789078D-FF7C-40FF-BD62-508B28D5096B}.Debug|Any CPU.Build.0 = Debug|Any CPU
		{2789078D-FF7C-40FF-BD62-508B28D5096B}.Debug|x86.ActiveCfg = Debug|Any CPU
		{2789078D-FF7C-40FF-BD62-508B28D5096B}.Debug|x86.Build.0 = Debug|Any CPU
		{2789078D-FF7C-40FF-BD62-508B28D5096B}.Release|Any CPU.ActiveCfg = Release|Any CPU
		{2789078D-FF7C-40FF-BD62-508B28D5096B}.Release|Any CPU.Build.0 = Release|Any CPU
		{2789078D-FF7C-40FF-BD62-508B28D5096B}.Release|x86.ActiveCfg = Release|Any CPU
		{2789078D-FF7C-40FF-BD62-508B28D5096B}.Release|x86.Build.0 = Release|Any CPU
	EndGlobalSection
	GlobalSection(SolutionProperties) = preSolution
		HideSolutionNode = FALSE
	EndGlobalSection
EndGlobal
